{
    "version": 3,
    "terraform_version": "0.11.0",
    "serial": 3,
    "lineage": "503840ad-8cca-47ad-b259-dc4be015a4b9",
    "modules": [
        {
            "path": [
                "root"
            ],
            "outputs": {
                "aws_instance_public_dns": {
                    "sensitive": false,
                    "type": "string",
                    "value": ""
                }
            },
            "resources": {
                "aws_instance.web": {
                    "type": "aws_instance",
                    "depends_on": [],
                    "primary": {
                        "id": "i-0055b86cf9427c92c",
                        "attributes": {
                            "ami": "ami-c998b6b2",
                            "associate_public_ip_address": "false",
                            "availability_zone": "us-east-1c",
                            "disable_api_termination": "false",
                            "ebs_block_device.#": "0",
                            "ebs_optimized": "false",
                            "ephemeral_block_device.#": "0",
                            "iam_instance_profile": "",
                            "id": "i-0055b86cf9427c92c",
                            "instance_state": "stopped",
                            "instance_type": "t1.micro",
                            "ipv6_addresses.#": "0",
                            "key_name": "redhat",
                            "monitoring": "false",
                            "network_interface.#": "0",
                            "network_interface_id": "eni-36cb4d84",
                            "placement_group": "",
                            "primary_network_interface_id": "eni-36cb4d84",
                            "private_dns": "ip-172-31-28-89.ec2.internal",
                            "private_ip": "172.31.28.89",
                            "public_dns": "",
                            "public_ip": "",
                            "root_block_device.#": "1",
                            "root_block_device.0.delete_on_termination": "true",
                            "root_block_device.0.iops": "100",
                            "root_block_device.0.volume_size": "10",
                            "root_block_device.0.volume_type": "gp2",
                            "security_groups.#": "1",
                            "security_groups.3904355907": "a",
                            "source_dest_check": "true",
                            "subnet_id": "subnet-07c7a84c",
                            "tags.%": "0",
                            "tenancy": "default",
                            "volume_tags.%": "0",
                            "vpc_security_group_ids.#": "0"
                        },
                        "meta": {
                            "e2bfb730-ecaa-11e6-8f88-34363bc7c4c0": {
                                "create": 600000000000,
                                "delete": 600000000000,
                                "update": 600000000000
                            },
                            "schema_version": "1"
                        },
                        "tainted": false
                    },
                    "deposed": [],
                    "provider": "provider.aws"
                }
            },
            "depends_on": []
        }
    ]
}
